
Microsoft Visual Studio Solution File, Format Version 12.00
# Visual Studio 15
VisualStudioVersion = 15.0.28307.271
MinimumVisualStudioVersion = 10.0.40219.1
Project("{FAE04EC0-301F-11D3-BF4B-00C04F79EFBC}") = "ClientTest", "ClientTest\ClientTest.csproj", "{36210A35-EA22-4FC7-AD1C-7E2A4522CF1A}"
EndProject
Global
	GlobalSection(SolutionConfigurationPlatforms) = preSolution
		Debug|Any CPU = Debug|Any CPU
		Release|Any CPU = Release|Any CPU
	EndGlobalSection
	GlobalSection(ProjectConfigurationPlatforms) = postSolution
		{36210A35-EA22-4FC7-AD1C-7E2A4522CF1A}.Debug|Any CPU.ActiveCfg = Debug|Any CPU
		{36210A35-EA22-4FC7-AD1C-7E2A4522CF1A}.Debug|Any CPU.Build.0 = Debug|Any CPU
		{36210A35-EA22-4FC7-AD1C-7E2A4522CF1A}.Release|Any CPU.ActiveCfg = Release|Any CPU
		{36210A35-EA22-4FC7-AD1C-7E2A4522CF1A}.Release|Any CPU.Build.0 = Release|Any CPU
	EndGlobalSection
	GlobalSection(SolutionProperties) = preSolution
		HideSolutionNode = FALSE
	EndGlobalSection
	GlobalSection(ExtensibilityGlobals) = postSolution
		SolutionGuid = {1D39FC2B-5BB5-48CE-A64F-C1EB1C715339}
	EndGlobalSection
EndGlobal
